{
  "name": "Raindropio-clone",
  "lockfileVersion": 3,
  "requires": true,
  "packages": {
    "": {
      "dependencies": {
        "@fontsource/inter": "^5.2.7",
        "@fontsource/nunito-sans": "^5.2.6"
      }
    },
    "node_modules/@fontsource/inter": {
      "version": "5.2.7",
      "resolved": "https://registry.npmjs.org/@fontsource/inter/-/inter-5.2.7.tgz",
      "integrity": "sha512-sfE4VQglV9B05DuJ+RD2RHY42FiVTdCf/dJtVkugRVkygoDigLM4SuNcBrCeo+zoGiC/IudmVcE6QKqW7S1Gkg==",
      "license": "OFL-1.1",
      "funding": {
        "url": "https://github.com/sponsors/ayuhito"
      }
    },
    "node_modules/@fontsource/nunito-sans": {
      "version": "5.2.6",
      "resolved": "https://registry.npmjs.org/@fontsource/nunito-sans/-/nunito-sans-5.2.6.tgz",
      "integrity": "sha512-f3qQqoZXtJPqhrh1M/CTeFZnRsZj7fEnILmGmbyNdlx9GrddQ3avQWwsa0cnBkG5UFGWvnzcfuJp1s+PNHjBsg==",
      "license": "OFL-1.1",
      "funding": {
        "url": "https://github.com/sponsors/ayuhito"
      }
    }
  }
}
